// !$*UTF8*$!
{
	archiveVersion = 1;
	classes = {
	};
	objectVersion = 46;
	objects = {

/* Begin PBXBuildFile section */
		475D08FA148FF4A2000F9F40 /* IdiomsStatusBarItem.m in Sources */ = {isa = PBXBuildFile; fileRef = 475D08F9148FF4A2000F9F40 /* IdiomsStatusBarItem.m */; };
		475D08FE1490008B000F9F40 /* tray_icon.ico in Resources */ = {isa = PBXBuildFile; fileRef = 475D08FD1490008B000F9F40 /* tray_icon.ico */; };
		475D0902149011C7000F9F40 /* MAAttachedWindow.m in Sources */ = {isa = PBXBuildFile; fileRef = 475D0901149011C7000F9F40 /* MAAttachedWindow.m */; };
		47ACA9B6148AC24600B7B971 /* Cocoa.framework in Frameworks */ = {isa = PBXBuildFile; fileRef = 47ACA9B5148AC24600B7B971 /* Cocoa.framework */; };
		47ACA9C0148AC24600B7B971 /* InfoPlist.strings in Resources */ = {isa = PBXBuildFile; fileRef = 47ACA9BE148AC24600B7B971 /* InfoPlist.strings */; };
		47ACA9C2148AC24600B7B971 /* main.m in Sources */ = {isa = PBXBuildFile; fileRef = 47ACA9C1148AC24600B7B971 /* main.m */; };
		47ACA9C6148AC24600B7B971 /* Credits.rtf in Resources */ = {isa = PBXBuildFile; fileRef = 47ACA9C4148AC24600B7B971 /* Credits.rtf */; };
		47ACA9C9148AC24600B7B971 /* iIdiomsAppDelegate.m in Sources */ = {isa = PBXBuildFile; fileRef = 47ACA9C8148AC24600B7B971 /* iIdiomsAppDelegate.m */; };
		47ACA9CC148AC24600B7B971 /* MainMenu.xib in Resources */ = {isa = PBXBuildFile; fileRef = 47ACA9CA148AC24600B7B971 /* MainMenu.xib */; };
		47ACA9D5148AC2D300B7B971 /* Idiom.m in Sources */ = {isa = PBXBuildFile; fileRef = 47ACA9D4148AC2D300B7B971 /* Idiom.m */; };
		47ACA9D8148AC60B00B7B971 /* IdiomsProvider.m in Sources */ = {isa = PBXBuildFile; fileRef = 47ACA9D7148AC60B00B7B971 /* IdiomsProvider.m */; };
		47B3ED2E148D82FB00014AF6 /* AppController.m in Sources */ = {isa = PBXBuildFile; fileRef = 47B3ED2D148D82FB00014AF6 /* AppController.m */; };
		47B3ED3F148D8BC300014AF6 /* IdiomViewController.m in Sources */ = {isa = PBXBuildFile; fileRef = 47B3ED3D148D8BC300014AF6 /* IdiomViewController.m */; };
		47B3ED42148D91E800014AF6 /* IdiomView.xib in Resources */ = {isa = PBXBuildFile; fileRef = 47B3ED41148D91E800014AF6 /* IdiomView.xib */; };
/* End PBXBuildFile section */

/* Begin PBXFileReference section */
		471C4E0B148BFF3500D292CF /* NewIdiomArriveDelegate.h */ = {isa = PBXFileReference; fileEncoding = 4; lastKnownFileType = sourcecode.c.h; path = NewIdiomArriveDelegate.h; sourceTree = "<group>"; };
		475D08F8148FF4A2000F9F40 /* IdiomsStatusBarItem.h */ = {isa = PBXFileReference; fileEncoding = 4; lastKnownFileType = sourcecode.c.h; path = IdiomsStatusBarItem.h; sourceTree = "<group>"; };
		475D08F9148FF4A2000F9F40 /* IdiomsStatusBarItem.m */ = {isa = PBXFileReference; fileEncoding = 4; lastKnownFileType = sourcecode.c.objc; path = IdiomsStatusBarItem.m; sourceTree = "<group>"; };
		475D08FD1490008B000F9F40 /* tray_icon.ico */ = {isa = PBXFileReference; lastKnownFileType = image.ico; path = tray_icon.ico; sourceTree = "<group>"; };
		475D0900149011C7000F9F40 /* MAAttachedWindow.h */ = {isa = PBXFileReference; fileEncoding = 4; lastKnownFileType = sourcecode.c.h; path = MAAttachedWindow.h; sourceTree = "<group>"; };
		475D0901149011C7000F9F40 /* MAAttachedWindow.m */ = {isa = PBXFileReference; fileEncoding = 4; lastKnownFileType = sourcecode.c.objc; path = MAAttachedWindow.m; sourceTree = "<group>"; };
		47ACA9B1148AC24600B7B971 /* iIdioms.app */ = {isa = PBXFileReference; explicitFileType = wrapper.application; includeInIndex = 0; path = iIdioms.app; sourceTree = BUILT_PRODUCTS_DIR; };
		47ACA9B5148AC24600B7B971 /* Cocoa.framework */ = {isa = PBXFileReference; lastKnownFileType = wrapper.framework; name = Cocoa.framework; path = System/Library/Frameworks/Cocoa.framework; sourceTree = SDKROOT; };
		47ACA9B8148AC24600B7B971 /* AppKit.framework */ = {isa = PBXFileReference; lastKnownFileType = wrapper.framework; name = AppKit.framework; path = System/Library/Frameworks/AppKit.framework; sourceTree = SDKROOT; };
		47ACA9B9148AC24600B7B971 /* CoreData.framework */ = {isa = PBXFileReference; lastKnownFileType = wrapper.framework; name = CoreData.framework; path = System/Library/Frameworks/CoreData.framework; sourceTree = SDKROOT; };
		47ACA9BA148AC24600B7B971 /* Foundation.framework */ = {isa = PBXFileReference; lastKnownFileType = wrapper.framework; name = Foundation.framework; path = System/Library/Frameworks/Foundation.framework; sourceTree = SDKROOT; };
		47ACA9BD148AC24600B7B971 /* iIdioms-Info.plist */ = {isa = PBXFileReference; lastKnownFileType = text.plist.xml; path = "iIdioms-Info.plist"; sourceTree = "<group>"; };
		47ACA9BF148AC24600B7B971 /* en */ = {isa = PBXFileReference; lastKnownFileType = text.plist.strings; name = en; path = en.lproj/InfoPlist.strings; sourceTree = "<group>"; };
		47ACA9C1148AC24600B7B971 /* main.m */ = {isa = PBXFileReference; lastKnownFileType = sourcecode.c.objc; path = main.m; sourceTree = "<group>"; };
		47ACA9C3148AC24600B7B971 /* iIdioms-Prefix.pch */ = {isa = PBXFileReference; lastKnownFileType = sourcecode.c.h; path = "iIdioms-Prefix.pch"; sourceTree = "<group>"; };
		47ACA9C5148AC24600B7B971 /* en */ = {isa = PBXFileReference; lastKnownFileType = text.rtf; name = en; path = en.lproj/Credits.rtf; sourceTree = "<group>"; };
		47ACA9C7148AC24600B7B971 /* iIdiomsAppDelegate.h */ = {isa = PBXFileReference; lastKnownFileType = sourcecode.c.h; path = iIdiomsAppDelegate.h; sourceTree = "<group>"; };
		47ACA9C8148AC24600B7B971 /* iIdiomsAppDelegate.m */ = {isa = PBXFileReference; lastKnownFileType = sourcecode.c.objc; path = iIdiomsAppDelegate.m; sourceTree = "<group>"; };
		47ACA9CB148AC24600B7B971 /* en */ = {isa = PBXFileReference; lastKnownFileType = file.xib; name = en; path = en.lproj/MainMenu.xib; sourceTree = "<group>"; };
		47ACA9D3148AC2D300B7B971 /* Idiom.h */ = {isa = PBXFileReference; fileEncoding = 4; lastKnownFileType = sourcecode.c.h; path = Idiom.h; sourceTree = "<group>"; };
		47ACA9D4148AC2D300B7B971 /* Idiom.m */ = {isa = PBXFileReference; fileEncoding = 4; lastKnownFileType = sourcecode.c.objc; path = Idiom.m; sourceTree = "<group>"; };
		47ACA9D6148AC60B00B7B971 /* IdiomsProvider.h */ = {isa = PBXFileReference; fileEncoding = 4; lastKnownFileType = sourcecode.c.h; name = IdiomsProvider.h; path = iIdioms/IdiomsProvider.h; sourceTree = "<group>"; };
		47ACA9D7148AC60B00B7B971 /* IdiomsProvider.m */ = {isa = PBXFileReference; fileEncoding = 4; lastKnownFileType = sourcecode.c.objc; name = IdiomsProvider.m; path = iIdioms/IdiomsProvider.m; sourceTree = "<group>"; };
		47B3ED2C148D82FB00014AF6 /* AppController.h */ = {isa = PBXFileReference; fileEncoding = 4; lastKnownFileType = sourcecode.c.h; path = AppController.h; sourceTree = "<group>"; };
		47B3ED2D148D82FB00014AF6 /* AppController.m */ = {isa = PBXFileReference; fileEncoding = 4; lastKnownFileType = sourcecode.c.objc; path = AppController.m; sourceTree = "<group>"; };
		47B3ED3C148D8BC300014AF6 /* IdiomViewController.h */ = {isa = PBXFileReference; fileEncoding = 4; lastKnownFileType = sourcecode.c.h; path = IdiomViewController.h; sourceTree = "<group>"; };
		47B3ED3D148D8BC300014AF6 /* IdiomViewController.m */ = {isa = PBXFileReference; fileEncoding = 4; lastKnownFileType = sourcecode.c.objc; path = IdiomViewController.m; sourceTree = "<group>"; };
		47B3ED41148D91E800014AF6 /* IdiomView.xib */ = {isa = PBXFileReference; fileEncoding = 4; lastKnownFileType = file.xib; path = IdiomView.xib; sourceTree = "<group>"; };
/* End PBXFileReference section */

/* Begin PBXFrameworksBuildPhase section */
		47ACA9AE148AC24600B7B971 /* Frameworks */ = {
			isa = PBXFrameworksBuildPhase;
			buildActionMask = 2147483647;
			files = (
				47ACA9B6148AC24600B7B971 /* Cocoa.framework in Frameworks */,
			);
			runOnlyForDeploymentPostprocessing = 0;
		};
/* End PBXFrameworksBuildPhase section */

/* Begin PBXGroup section */
		471C4E06148BFE9800D292CF /* IdiomsProvider */ = {
			isa = PBXGroup;
			children = (
				47ACA9D6148AC60B00B7B971 /* IdiomsProvider.h */,
				47ACA9D7148AC60B00B7B971 /* IdiomsProvider.m */,
				471C4E0B148BFF3500D292CF /* NewIdiomArriveDelegate.h */,
			);
			name = IdiomsProvider;
			sourceTree = "<group>";
		};
		475D08FC14900052000F9F40 /* Images */ = {
			isa = PBXGroup;
			children = (
				475D08FD1490008B000F9F40 /* tray_icon.ico */,
			);
			name = Images;
			sourceTree = "<group>";
		};
		475D08FF14901195000F9F40 /* MA */ = {
			isa = PBXGroup;
			children = (
				475D0900149011C7000F9F40 /* MAAttachedWindow.h */,
				475D0901149011C7000F9F40 /* MAAttachedWindow.m */,
			);
			name = MA;
			sourceTree = "<group>";
		};
		47ACA9A6148AC24600B7B971 = {
			isa = PBXGroup;
			children = (
				475D08FF14901195000F9F40 /* MA */,
				475D08FC14900052000F9F40 /* Images */,
				47B3ED3B148D8B7400014AF6 /* Controllers */,
				47B3ED34148D863800014AF6 /* nibs */,
				471C4E06148BFE9800D292CF /* IdiomsProvider */,
				47ACA9D2148AC2BB00B7B971 /* Models */,
				47ACA9BB148AC24600B7B971 /* iIdioms */,
				47ACA9B4148AC24600B7B971 /* Frameworks */,
				47ACA9B2148AC24600B7B971 /* Products */,
			);
			sourceTree = "<group>";
		};
		47ACA9B2148AC24600B7B971 /* Products */ = {
			isa = PBXGroup;
			children = (
				47ACA9B1148AC24600B7B971 /* iIdioms.app */,
			);
			name = Products;
			sourceTree = "<group>";
		};
		47ACA9B4148AC24600B7B971 /* Frameworks */ = {
			isa = PBXGroup;
			children = (
				47ACA9B5148AC24600B7B971 /* Cocoa.framework */,
				47ACA9B7148AC24600B7B971 /* Other Frameworks */,
			);
			name = Frameworks;
			sourceTree = "<group>";
		};
		47ACA9B7148AC24600B7B971 /* Other Frameworks */ = {
			isa = PBXGroup;
			children = (
				47ACA9B8148AC24600B7B971 /* AppKit.framework */,
				47ACA9B9148AC24600B7B971 /* CoreData.framework */,
				47ACA9BA148AC24600B7B971 /* Foundation.framework */,
			);
			name = "Other Frameworks";
			sourceTree = "<group>";
		};
		47ACA9BB148AC24600B7B971 /* iIdioms */ = {
			isa = PBXGroup;
			children = (
				47B3ED2C148D82FB00014AF6 /* AppController.h */,
				47B3ED2D148D82FB00014AF6 /* AppController.m */,
				47ACA9C7148AC24600B7B971 /* iIdiomsAppDelegate.h */,
				47ACA9C8148AC24600B7B971 /* iIdiomsAppDelegate.m */,
				47ACA9BC148AC24600B7B971 /* Supporting Files */,
				475D08F8148FF4A2000F9F40 /* IdiomsStatusBarItem.h */,
				475D08F9148FF4A2000F9F40 /* IdiomsStatusBarItem.m */,
			);
			path = iIdioms;
			sourceTree = "<group>";
		};
		47ACA9BC148AC24600B7B971 /* Supporting Files */ = {
			isa = PBXGroup;
			children = (
				47ACA9BD148AC24600B7B971 /* iIdioms-Info.plist */,
				47ACA9BE148AC24600B7B971 /* InfoPlist.strings */,
				47ACA9C1148AC24600B7B971 /* main.m */,
				47ACA9C3148AC24600B7B971 /* iIdioms-Prefix.pch */,
				47ACA9C4148AC24600B7B971 /* Credits.rtf */,
			);
			name = "Supporting Files";
			sourceTree = "<group>";
		};
		47ACA9D2148AC2BB00B7B971 /* Models */ = {
			isa = PBXGroup;
			children = (
				47ACA9D3148AC2D300B7B971 /* Idiom.h */,
				47ACA9D4148AC2D300B7B971 /* Idiom.m */,
			);
			name = Models;
			sourceTree = "<group>";
		};
		47B3ED34148D863800014AF6 /* nibs */ = {
			isa = PBXGroup;
			children = (
				47B3ED41148D91E800014AF6 /* IdiomView.xib */,
				47ACA9CA148AC24600B7B971 /* MainMenu.xib */,
			);
			name = nibs;
			sourceTree = "<group>";
		};
		47B3ED3B148D8B7400014AF6 /* Controllers */ = {
			isa = PBXGroup;
			children = (
				47B3ED3C148D8BC300014AF6 /* IdiomViewController.h */,
				47B3ED3D148D8BC300014AF6 /* IdiomViewController.m */,
			);
			name = Controllers;
			sourceTree = "<group>";
		};
/* End PBXGroup section */

/* Begin PBXNativeTarget section */
		47ACA9B0148AC24600B7B971 /* iIdioms */ = {
			isa = PBXNativeTarget;
			buildConfigurationList = 47ACA9CF148AC24600B7B971 /* Build configuration list for PBXNativeTarget "iIdioms" */;
			buildPhases = (
				47ACA9AD148AC24600B7B971 /* Sources */,
				47ACA9AE148AC24600B7B971 /* Frameworks */,
				47ACA9AF148AC24600B7B971 /* Resources */,
			);
			buildRules = (
			);
			dependencies = (
			);
			name = iIdioms;
			productName = iIdioms;
			productReference = 47ACA9B1148AC24600B7B971 /* iIdioms.app */;
			productType = "com.apple.product-type.application";
		};
/* End PBXNativeTarget section */

/* Begin PBXProject section */
		47ACA9A8148AC24600B7B971 /* Project object */ = {
			isa = PBXProject;
			attributes = {
				LastUpgradeCheck = 0420;
				ORGANIZATIONNAME = bbsoft;
			};
			buildConfigurationList = 47ACA9AB148AC24600B7B971 /* Build configuration list for PBXProject "iIdioms" */;
			compatibilityVersion = "Xcode 3.2";
			developmentRegion = English;
			hasScannedForEncodings = 0;
			knownRegions = (
				en,
			);
			mainGroup = 47ACA9A6148AC24600B7B971;
			productRefGroup = 47ACA9B2148AC24600B7B971 /* Products */;
			projectDirPath = "";
			projectRoot = "";
			targets = (
				47ACA9B0148AC24600B7B971 /* iIdioms */,
			);
		};
/* End PBXProject section */

/* Begin PBXResourcesBuildPhase section */
		47ACA9AF148AC24600B7B971 /* Resources */ = {
			isa = PBXResourcesBuildPhase;
			buildActionMask = 2147483647;
			files = (
				47ACA9C0148AC24600B7B971 /* InfoPlist.strings in Resources */,
				47ACA9C6148AC24600B7B971 /* Credits.rtf in Resources */,
				47ACA9CC148AC24600B7B971 /* MainMenu.xib in Resources */,
				47B3ED42148D91E800014AF6 /* IdiomView.xib in Resources */,
				475D08FE1490008B000F9F40 /* tray_icon.ico in Resources */,
			);
			runOnlyForDeploymentPostprocessing = 0;
		};
/* End PBXResourcesBuildPhase section */

/* Begin PBXSourcesBuildPhase section */
		47ACA9AD148AC24600B7B971 /* Sources */ = {
			isa = PBXSourcesBuildPhase;
			buildActionMask = 2147483647;
			files = (
				47ACA9C2148AC24600B7B971 /* main.m in Sources */,
				47ACA9C9148AC24600B7B971 /* iIdiomsAppDelegate.m in Sources */,
				47ACA9D5148AC2D300B7B971 /* Idiom.m in Sources */,
				47ACA9D8148AC60B00B7B971 /* IdiomsProvider.m in Sources */,
				47B3ED2E148D82FB00014AF6 /* AppController.m in Sources */,
				47B3ED3F148D8BC300014AF6 /* IdiomViewController.m in Sources */,
				475D08FA148FF4A2000F9F40 /* IdiomsStatusBarItem.m in Sources */,
				475D0902149011C7000F9F40 /* MAAttachedWindow.m in Sources */,
			);
			runOnlyForDeploymentPostprocessing = 0;
		};
/* End PBXSourcesBuildPhase section */

/* Begin PBXVariantGroup section */
		47ACA9BE148AC24600B7B971 /* InfoPlist.strings */ = {
			isa = PBXVariantGroup;
			children = (
				47ACA9BF148AC24600B7B971 /* en */,
			);
			name = InfoPlist.strings;
			sourceTree = "<group>";
		};
		47ACA9C4148AC24600B7B971 /* Credits.rtf */ = {
			isa = PBXVariantGroup;
			children = (
				47ACA9C5148AC24600B7B971 /* en */,
			);
			name = Credits.rtf;
			sourceTree = "<group>";
		};
		47ACA9CA148AC24600B7B971 /* MainMenu.xib */ = {
			isa = PBXVariantGroup;
			children = (
				47ACA9CB148AC24600B7B971 /* en */,
			);
			name = MainMenu.xib;
			path = iIdioms;
			sourceTree = "<group>";
		};
/* End PBXVariantGroup section */

/* Begin XCBuildConfiguration section */
		47ACA9CD148AC24600B7B971 /* Debug */ = {
			isa = XCBuildConfiguration;
			buildSettings = {
				ALWAYS_SEARCH_USER_PATHS = NO;
				ARCHS = "$(ARCHS_STANDARD_64_BIT)";
				CLANG_ENABLE_OBJC_ARC = YES;
				COPY_PHASE_STRIP = NO;
				GCC_C_LANGUAGE_STANDARD = gnu99;
				GCC_DYNAMIC_NO_PIC = NO;
				GCC_ENABLE_OBJC_EXCEPTIONS = YES;
				GCC_OPTIMIZATION_LEVEL = 0;
				GCC_PREPROCESSOR_DEFINITIONS = (
					"DEBUG=1",
					"$(inherited)",
				);
				GCC_SYMBOLS_PRIVATE_EXTERN = NO;
				GCC_VERSION = com.apple.compilers.llvm.clang.1_0;
				GCC_WARN_64_TO_32_BIT_CONVERSION = YES;
				GCC_WARN_ABOUT_MISSING_PROTOTYPES = YES;
				GCC_WARN_ABOUT_RETURN_TYPE = YES;
				GCC_WARN_UNUSED_VARIABLE = YES;
				MACOSX_DEPLOYMENT_TARGET = 10.7;
				ONLY_ACTIVE_ARCH = YES;
				SDKROOT = macosx;
			};
			name = Debug;
		};
		47ACA9CE148AC24600B7B971 /* Release */ = {
			isa = XCBuildConfiguration;
			buildSettings = {
				ALWAYS_SEARCH_USER_PATHS = NO;
				ARCHS = "$(ARCHS_STANDARD_64_BIT)";
				CLANG_ENABLE_OBJC_ARC = YES;
				COPY_PHASE_STRIP = YES;
				DEBUG_INFORMATION_FORMAT = "dwarf-with-dsym";
				GCC_C_LANGUAGE_STANDARD = gnu99;
				GCC_ENABLE_OBJC_EXCEPTIONS = YES;
				GCC_VERSION = com.apple.compilers.llvm.clang.1_0;
				GCC_WARN_64_TO_32_BIT_CONVERSION = YES;
				GCC_WARN_ABOUT_MISSING_PROTOTYPES = YES;
				GCC_WARN_ABOUT_RETURN_TYPE = YES;
				GCC_WARN_UNUSED_VARIABLE = YES;
				MACOSX_DEPLOYMENT_TARGET = 10.7;
				SDKROOT = macosx;
			};
			name = Release;
		};
		47ACA9D0148AC24600B7B971 /* Debug */ = {
			isa = XCBuildConfiguration;
			buildSettings = {
				CLANG_ENABLE_OBJC_ARC = NO;
				GCC_PRECOMPILE_PREFIX_HEADER = YES;
				GCC_PREFIX_HEADER = "iIdioms/iIdioms-Prefix.pch";
				INFOPLIST_FILE = "iIdioms/iIdioms-Info.plist";
				PRODUCT_NAME = "$(TARGET_NAME)";
				WRAPPER_EXTENSION = app;
			};
			name = Debug;
		};
		47ACA9D1148AC24600B7B971 /* Release */ = {
			isa = XCBuildConfiguration;
			buildSettings = {
				CLANG_ENABLE_OBJC_ARC = NO;
				GCC_PRECOMPILE_PREFIX_HEADER = YES;
				GCC_PREFIX_HEADER = "iIdioms/iIdioms-Prefix.pch";
				INFOPLIST_FILE = "iIdioms/iIdioms-Info.plist";
				PRODUCT_NAME = "$(TARGET_NAME)";
				WRAPPER_EXTENSION = app;
			};
			name = Release;
		};
/* End XCBuildConfiguration section */

/* Begin XCConfigurationList section */
		47ACA9AB148AC24600B7B971 /* Build configuration list for PBXProject "iIdioms" */ = {
			isa = XCConfigurationList;
			buildConfigurations = (
				47ACA9CD148AC24600B7B971 /* Debug */,
				47ACA9CE148AC24600B7B971 /* Release */,
			);
			defaultConfigurationIsVisible = 0;
			defaultConfigurationName = Release;
		};
		47ACA9CF148AC24600B7B971 /* Build configuration list for PBXNativeTarget "iIdioms" */ = {
			isa = XCConfigurationList;
			buildConfigurations = (
				47ACA9D0148AC24600B7B971 /* Debug */,
				47ACA9D1148AC24600B7B971 /* Release */,
			);
			defaultConfigurationIsVisible = 0;
			defaultConfigurationName = Release;
		};
/* End XCConfigurationList section */
	};
	rootObject = 47ACA9A8148AC24600B7B971 /* Project object */;
}
